
Microsoft Visual Studio Solution File, Format Version 12.00
# Visual Studio 14
VisualStudioVersion = 14.0.25420.1
MinimumVisualStudioVersion = 10.0.40219.1
Project("{FAE04EC0-301F-11D3-BF4B-00C04F79EFBC}") = "Negocio", "Negocio\Negocio.csproj", "{76C9B3F9-2E1F-425C-9814-4029133E9C57}"
EndProject
Project("{FAE04EC0-301F-11D3-BF4B-00C04F79EFBC}") = "AccesoDatos", "AccesoDatos\AccesoDatos.csproj", "{A734A5F3-0FB1-4AA8-BFDC-803077BFAB25}"
EndProject
Project("{FAE04EC0-301F-11D3-BF4B-00C04F79EFBC}") = "Servicios", "Servicios\Servicios.csproj", "{8B7D65FA-59E3-4C01-820D-9783C817533A}"
EndProject
Project("{FAE04EC0-301F-11D3-BF4B-00C04F79EFBC}") = "Entidades", "Entidades\Entidades.csproj", "{5D5B0CC2-11D0-4717-A052-F8A67B101ACC}"
EndProject
Project("{FAE04EC0-301F-11D3-BF4B-00C04F79EFBC}") = "Presentacion", "Presentacion\Presentacion.csproj", "{10BC5E13-82D0-440E-A644-31E878D7D257}"
EndProject
Project("{FAE04EC0-301F-11D3-BF4B-00C04F79EFBC}") = "Seguridad", "Seguridad\Seguridad.csproj", "{F3C361F0-A3A3-47BD-B95A-2EADB31A8700}"
EndProject
Global
	GlobalSection(SolutionConfigurationPlatforms) = preSolution
		Debug|Any CPU = Debug|Any CPU
		Release|Any CPU = Release|Any CPU
	EndGlobalSection
	GlobalSection(ProjectConfigurationPlatforms) = postSolution
		{76C9B3F9-2E1F-425C-9814-4029133E9C57}.Debug|Any CPU.ActiveCfg = Debug|Any CPU
		{76C9B3F9-2E1F-425C-9814-4029133E9C57}.Debug|Any CPU.Build.0 = Debug|Any CPU
		{76C9B3F9-2E1F-425C-9814-4029133E9C57}.Release|Any CPU.ActiveCfg = Release|Any CPU
		{76C9B3F9-2E1F-425C-9814-4029133E9C57}.Release|Any CPU.Build.0 = Release|Any CPU
		{A734A5F3-0FB1-4AA8-BFDC-803077BFAB25}.Debug|Any CPU.ActiveCfg = Debug|Any CPU
		{A734A5F3-0FB1-4AA8-BFDC-803077BFAB25}.Debug|Any CPU.Build.0 = Debug|Any CPU
		{A734A5F3-0FB1-4AA8-BFDC-803077BFAB25}.Release|Any CPU.ActiveCfg = Release|Any CPU
		{A734A5F3-0FB1-4AA8-BFDC-803077BFAB25}.Release|Any CPU.Build.0 = Release|Any CPU
		{8B7D65FA-59E3-4C01-820D-9783C817533A}.Debug|Any CPU.ActiveCfg = Debug|Any CPU
		{8B7D65FA-59E3-4C01-820D-9783C817533A}.Debug|Any CPU.Build.0 = Debug|Any CPU
		{8B7D65FA-59E3-4C01-820D-9783C817533A}.Release|Any CPU.ActiveCfg = Release|Any CPU
		{8B7D65FA-59E3-4C01-820D-9783C817533A}.Release|Any CPU.Build.0 = Release|Any CPU
		{5D5B0CC2-11D0-4717-A052-F8A67B101ACC}.Debug|Any CPU.ActiveCfg = Debug|Any CPU
		{5D5B0CC2-11D0-4717-A052-F8A67B101ACC}.Debug|Any CPU.Build.0 = Debug|Any CPU
		{5D5B0CC2-11D0-4717-A052-F8A67B101ACC}.Release|Any CPU.ActiveCfg = Release|Any CPU
		{5D5B0CC2-11D0-4717-A052-F8A67B101ACC}.Release|Any CPU.Build.0 = Release|Any CPU
		{10BC5E13-82D0-440E-A644-31E878D7D257}.Debug|Any CPU.ActiveCfg = Debug|Any CPU
		{10BC5E13-82D0-440E-A644-31E878D7D257}.Debug|Any CPU.Build.0 = Debug|Any CPU
		{10BC5E13-82D0-440E-A644-31E878D7D257}.Release|Any CPU.ActiveCfg = Release|Any CPU
		{10BC5E13-82D0-440E-A644-31E878D7D257}.Release|Any CPU.Build.0 = Release|Any CPU
		{F3C361F0-A3A3-47BD-B95A-2EADB31A8700}.Debug|Any CPU.ActiveCfg = Debug|Any CPU
		{F3C361F0-A3A3-47BD-B95A-2EADB31A8700}.Debug|Any CPU.Build.0 = Debug|Any CPU
		{F3C361F0-A3A3-47BD-B95A-2EADB31A8700}.Release|Any CPU.ActiveCfg = Release|Any CPU
		{F3C361F0-A3A3-47BD-B95A-2EADB31A8700}.Release|Any CPU.Build.0 = Release|Any CPU
	EndGlobalSection
	GlobalSection(SolutionProperties) = preSolution
		HideSolutionNode = FALSE
	EndGlobalSection
	GlobalSection(ExtensibilityGlobals) = postSolution
		EnterpriseLibraryConfigurationToolBinariesPathV6 = packages\EnterpriseLibrary.Common.6.0.1304.0\lib\NET45;packages\EnterpriseLibrary.Data.6.0.1304.0\lib\NET45
	EndGlobalSection
EndGlobal
